# THIS IS AN AUTOGENERATED FILE. DO NOT EDIT THIS FILE DIRECTLY.
# yarn lockfile v1


"@antv/f2@^3.1.4-beta.2":
  version "3.1.20"
  resolved "http://registry.npm.taobao.org/@antv/f2/download/@antv/f2-3.1.20.tgz#49b4ddef49ca23d25c878fbe335e044ff6e6451e"
  dependencies:
    fecha "~2.3.1"
    hammerjs "^2.0.8"

ajv@^5.3.0:
  version "5.5.2"
  resolved "http://registry.npm.taobao.org/ajv/download/ajv-5.5.2.tgz#73b5eeca3fab653e3d3f9422b341ad42205dc965"
  dependencies:
    co "^4.6.0"
    fast-deep-equal "^1.0.0"
    fast-json-stable-stringify "^2.0.0"
    json-schema-traverse "^0.3.0"

array-filter@^1.0.0:
  version "1.0.0"
  resolved "http://registry.npm.taobao.org/array-filter/download/array-filter-1.0.0.tgz#baf79e62e6ef4c2a4c0b831232daffec251f9d83"

array-find@^1.0.0:
  version "1.0.0"
  resolved "http://registry.npm.taobao.org/array-find/download/array-find-1.0.0.tgz#6c8e286d11ed768327f8e62ecee87353ca3e78b8"

array-map@^0.0.0:
  version "0.0.0"
  resolved "http://registry.npm.taobao.org/array-map/download/array-map-0.0.0.tgz#88a2bab73d1cf7bcd5c1b118a003f66f665fa662"

array-shuffle@^1.0.1:
  version "1.0.1"
  resolved "http://registry.npm.taobao.org/array-shuffle/download/array-shuffle-1.0.1.tgz#7ea4882a356b4bca5f545e0b6e52eaf6d971557a"

asap@~2.0.3:
  version "2.0.6"
  resolved "http://registry.npm.taobao.org/asap/download/asap-2.0.6.tgz#e50347611d7e690943208bbdafebcbc2fb866d46"

asn1@~0.2.3:
  version "0.2.4"
  resolved "http://registry.npm.taobao.org/asn1/download/asn1-0.2.4.tgz#8d2475dfab553bb33e77b54e59e880bb8ce23136"
  dependencies:
    safer-buffer "~2.1.0"

assert-plus@1.0.0, assert-plus@^1.0.0:
  version "1.0.0"
  resolved "http://registry.npm.taobao.org/assert-plus/download/assert-plus-1.0.0.tgz#f12e0f3c5d77b0b1cdd9146942e4e96c1e4dd525"

asynckit@^0.4.0:
  version "0.4.0"
  resolved "http://registry.npm.taobao.org/asynckit/download/asynckit-0.4.0.tgz#c79ed97f7f34cb8f2ba1bc9790bcc366474b4b79"

autosize@^3.0.20:
  version "3.0.21"
  resolved "http://registry.npm.taobao.org/autosize/download/autosize-3.0.21.tgz#f182f40d17757d978a139a4c9ca40c4c0e448603"

aws-sign2@~0.7.0:
  version "0.7.0"
  resolved "http://registry.npm.taobao.org/aws-sign2/download/aws-sign2-0.7.0.tgz#b46e890934a9591f2d2f6f86d7e6a9f1b3fe76a8"

aws4@^1.8.0:
  version "1.8.0"
  resolved "http://registry.npm.taobao.org/aws4/download/aws4-1.8.0.tgz#f0e003d9ca9e7f59c7a508945d7b2ef9a04a542f"

axios@^0.15.3:
  version "0.15.3"
  resolved "http://registry.npm.taobao.org/axios/download/axios-0.15.3.tgz#2c9d638b2e191a08ea1d6cc988eadd6ba5bdc053"
  dependencies:
    follow-redirects "1.0.0"

bcrypt-pbkdf@^1.0.0:
  version "1.0.2"
  resolved "http://registry.npm.taobao.org/bcrypt-pbkdf/download/bcrypt-pbkdf-1.0.2.tgz#a4301d389b6a43f9b67ff3ca11a3f6637e360e9e"
  dependencies:
    tweetnacl "^0.14.3"

big.js@^3.1.3:
  version "3.2.0"
  resolved "http://registry.npm.taobao.org/big.js/download/big.js-3.2.0.tgz#a5fc298b81b9e0dca2e458824784b65c52ba588e"

blueimp-md5@^2.6.0:
  version "2.10.0"
  resolved "http://registry.npm.taobao.org/blueimp-md5/download/blueimp-md5-2.10.0.tgz#02f0843921f90dca14f5b8920a38593201d6964d"

caseless@~0.12.0:
  version "0.12.0"
  resolved "http://registry.npm.taobao.org/caseless/download/caseless-0.12.0.tgz#1b681c21ff84033c826543090689420d187151dc"

clone@^2.1.1, clone@^2.1.2:
  version "2.1.2"
  resolved "http://registry.npm.taobao.org/clone/download/clone-2.1.2.tgz#1b7f4b9f591f1e8f83670401600345a02887435f"

co@^4.6.0:
  version "4.6.0"
  resolved "http://registry.npm.taobao.org/co/download/co-4.6.0.tgz#6ea6bdf3d853ae54ccb8e47bfa0bf3f9031fb184"

combined-stream@1.0.6, combined-stream@~1.0.6:
  version "1.0.6"
  resolved "http://registry.npm.taobao.org/combined-stream/download/combined-stream-1.0.6.tgz#723e7df6e801ac5613113a7e445a9b69cb632818"
  dependencies:
    delayed-stream "~1.0.0"

core-util-is@1.0.2:
  version "1.0.2"
  resolved "http://registry.npm.taobao.org/core-util-is/download/core-util-is-1.0.2.tgz#b5fd54220aa2bc5ab57aab7140c940754503c1a7"

countup.js@^1.8.1:
  version "1.9.3"
  resolved "http://registry.npm.taobao.org/countup.js/download/countup.js-1.9.3.tgz#ce3e50cd7160441e478f07da31895edcc0f1c9dd"

dashdash@^1.12.0:
  version "1.14.1"
  resolved "http://registry.npm.taobao.org/dashdash/download/dashdash-1.14.1.tgz#853cfa0f7cbe2fed5de20326b8dd581035f6e2f0"
  dependencies:
    assert-plus "^1.0.0"

debug@^2.2.0:
  version "2.6.9"
  resolved "http://registry.npm.taobao.org/debug/download/debug-2.6.9.tgz#5d128515df134ff327e90a4c93f4e077a536341f"
  dependencies:
    ms "2.0.0"

delayed-stream@~1.0.0:
  version "1.0.0"
  resolved "http://registry.npm.taobao.org/delayed-stream/download/delayed-stream-1.0.0.tgz#df3ae199acadfb7d440aaae0b29e2272b24ec619"

ecc-jsbn@~0.1.1:
  version "0.1.2"
  resolved "http://registry.npm.taobao.org/ecc-jsbn/download/ecc-jsbn-0.1.2.tgz#3a83a904e54353287874c564b7549386849a98c9"
  dependencies:
    jsbn "~0.1.0"
    safer-buffer "^2.1.0"

emojis-list@^2.0.0:
  version "2.1.0"
  resolved "http://registry.npm.taobao.org/emojis-list/download/emojis-list-2.1.0.tgz#4daa4d9db00f9819880c79fa457ae5b09a1fd389"

errno@^0.1.1:
  version "0.1.7"
  resolved "http://registry.npm.taobao.org/errno/download/errno-0.1.7.tgz#4684d71779ad39af177e3f007996f7c67c852618"
  dependencies:
    prr "~1.0.1"

extend@~3.0.2:
  version "3.0.2"
  resolved "http://registry.npm.taobao.org/extend/download/extend-3.0.2.tgz#f8b1136b4071fbd8eb140aff858b1019ec2915fa"

extsprintf@1.3.0:
  version "1.3.0"
  resolved "http://registry.npm.taobao.org/extsprintf/download/extsprintf-1.3.0.tgz#96918440e3041a7a414f8c52e3c574eb3c3e1e05"

extsprintf@^1.2.0:
  version "1.4.0"
  resolved "http://registry.npm.taobao.org/extsprintf/download/extsprintf-1.4.0.tgz#e2689f8f356fad62cca65a3a91c5df5f9551692f"

fast-deep-equal@^1.0.0:
  version "1.1.0"
  resolved "http://registry.npm.taobao.org/fast-deep-equal/download/fast-deep-equal-1.1.0.tgz#c053477817c86b51daa853c81e059b733d023614"

fast-json-stable-stringify@^2.0.0:
  version "2.0.0"
  resolved "http://registry.npm.taobao.org/fast-json-stable-stringify/download/fast-json-stable-stringify-2.0.0.tgz#d5142c0caee6b1189f87d3a76111064f86c8bbf2"

fastclick@^1.0.6:
  version "1.0.6"
  resolved "http://registry.npm.taobao.org/fastclick/download/fastclick-1.0.6.tgz#161625b27b1a5806405936bda9a2c1926d06be6a"

fecha@~2.3.1:
  version "2.3.3"
  resolved "http://registry.npm.taobao.org/fecha/download/fecha-2.3.3.tgz#948e74157df1a32fd1b12c3a3c3cdcb6ec9d96cd"

follow-redirects@1.0.0:
  version "1.0.0"
  resolved "http://registry.npm.taobao.org/follow-redirects/download/follow-redirects-1.0.0.tgz#8e34298cbd2e176f254effec75a1c78cc849fd37"
  dependencies:
    debug "^2.2.0"

forever-agent@~0.6.1:
  version "0.6.1"
  resolved "http://registry.npm.taobao.org/forever-agent/download/forever-agent-0.6.1.tgz#fbc71f0c41adeb37f96c577ad1ed42d8fdacca91"

form-data@~2.3.2:
  version "2.3.2"
  resolved "http://registry.npm.taobao.org/form-data/download/form-data-2.3.2.tgz#4970498be604c20c005d4f5c23aecd21d6b49099"
  dependencies:
    asynckit "^0.4.0"
    combined-stream "1.0.6"
    mime-types "^2.1.12"

getpass@^0.1.1:
  version "0.1.7"
  resolved "http://registry.npm.taobao.org/getpass/download/getpass-0.1.7.tgz#5eff8e3e684d569ae4cb2b1282604e8ba62149fa"
  dependencies:
    assert-plus "^1.0.0"

graceful-fs@^4.1.2:
  version "4.1.11"
  resolved "http://registry.npm.taobao.org/graceful-fs/download/graceful-fs-4.1.11.tgz#0e8bdfe4d1ddb8854d64e04ea7c00e2a026e5658"

hammerjs@^2.0.8:
  version "2.0.8"
  resolved "http://registry.npm.taobao.org/hammerjs/download/hammerjs-2.0.8.tgz#04ef77862cff2bb79d30f7692095930222bf60f1"

har-schema@^2.0.0:
  version "2.0.0"
  resolved "http://registry.npm.taobao.org/har-schema/download/har-schema-2.0.0.tgz#a94c2224ebcac04782a0d9035521f24735b7ec92"

har-validator@~5.1.0:
  version "5.1.0"
  resolved "http://registry.npm.taobao.org/har-validator/download/har-validator-5.1.0.tgz#44657f5688a22cfd4b72486e81b3a3fb11742c29"
  dependencies:
    ajv "^5.3.0"
    har-schema "^2.0.0"

http-signature@~1.2.0:
  version "1.2.0"
  resolved "http://registry.npm.taobao.org/http-signature/download/http-signature-1.2.0.tgz#9aecd925114772f3d95b65a60abb8f7c18fbace1"
  dependencies:
    assert-plus "^1.0.0"
    jsprim "^1.2.2"
    sshpk "^1.7.0"

image-size@~0.5.0:
  version "0.5.5"
  resolved "http://registry.npm.taobao.org/image-size/download/image-size-0.5.5.tgz#09dfd4ab9d20e29eb1c3e80b8990378df9e3cb9c"

is-typedarray@~1.0.0:
  version "1.0.0"
  resolved "http://registry.npm.taobao.org/is-typedarray/download/is-typedarray-1.0.0.tgz#e479c80858df0c1b11ddda6940f96011fcda4a9a"

isstream@~0.1.2:
  version "0.1.2"
  resolved "http://registry.npm.taobao.org/isstream/download/isstream-0.1.2.tgz#47e63f7af55afa6f92e1500e690eb8b8529c099a"

jsbn@~0.1.0:
  version "0.1.1"
  resolved "http://registry.npm.taobao.org/jsbn/download/jsbn-0.1.1.tgz#a5e654c2e5a2deb5f201d96cefbca80c0ef2f513"

json-schema-traverse@^0.3.0:
  version "0.3.1"
  resolved "http://registry.npm.taobao.org/json-schema-traverse/download/json-schema-traverse-0.3.1.tgz#349a6d44c53a51de89b40805c5d5e59b417d3340"

json-schema@0.2.3:
  version "0.2.3"
  resolved "http://registry.npm.taobao.org/json-schema/download/json-schema-0.2.3.tgz#b480c892e59a2f05954ce727bd3f2a4e882f9e13"

json-stringify-safe@~5.0.1:
  version "5.0.1"
  resolved "http://registry.npm.taobao.org/json-stringify-safe/download/json-stringify-safe-5.0.1.tgz#1296a2d58fd45f19a0f6ce01d65701e2c735b6eb"

json5@^0.5.0:
  version "0.5.1"
  resolved "http://registry.npm.taobao.org/json5/download/json5-0.5.1.tgz#1eade7acc012034ad84e2396767ead9fa5495821"

jsprim@^1.2.2:
  version "1.4.1"
  resolved "http://registry.npm.taobao.org/jsprim/download/jsprim-1.4.1.tgz#313e66bc1e5cc06e438bc1b7499c2e5c56acb6a2"
  dependencies:
    assert-plus "1.0.0"
    extsprintf "1.3.0"
    json-schema "0.2.3"
    verror "1.10.0"

less-loader@^4.1.0:
  version "4.1.0"
  resolved "http://registry.npm.taobao.org/less-loader/download/less-loader-4.1.0.tgz#2c1352c5b09a4f84101490274fd51674de41363e"
  dependencies:
    clone "^2.1.1"
    loader-utils "^1.1.0"
    pify "^3.0.0"

less@^3.8.1:
  version "3.8.1"
  resolved "http://registry.npm.taobao.org/less/download/less-3.8.1.tgz#f31758598ef5a1930dd4caefa9e4340641e71e1d"
  dependencies:
    clone "^2.1.2"
  optionalDependencies:
    errno "^0.1.1"
    graceful-fs "^4.1.2"
    image-size "~0.5.0"
    mime "^1.4.1"
    mkdirp "^0.5.0"
    promise "^7.1.1"
    request "^2.83.0"
    source-map "~0.6.0"

loader-utils@^1.1.0:
  version "1.1.0"
  resolved "http://registry.npm.taobao.org/loader-utils/download/loader-utils-1.1.0.tgz#c98aef488bcceda2ffb5e2de646d6a754429f5cd"
  dependencies:
    big.js "^3.1.3"
    emojis-list "^2.0.0"
    json5 "^0.5.0"

lodash.debounce@^4.0.8:
  version "4.0.8"
  resolved "http://registry.npm.taobao.org/lodash.debounce/download/lodash.debounce-4.0.8.tgz#82d79bff30a67c4005ffd5e2515300ad9ca4d7af"

lodash.throttle@^4.1.1:
  version "4.1.1"
  resolved "http://registry.npm.taobao.org/lodash.throttle/download/lodash.throttle-4.1.1.tgz#c23e91b710242ac70c37f1e1cda9274cc39bf2f4"

mime-db@~1.35.0:
  version "1.35.0"
  resolved "http://registry.npm.taobao.org/mime-db/download/mime-db-1.35.0.tgz#0569d657466491283709663ad379a99b90d9ab47"

mime-types@^2.1.12, mime-types@~2.1.19:
  version "2.1.19"
  resolved "http://registry.npm.taobao.org/mime-types/download/mime-types-2.1.19.tgz#71e464537a7ef81c15f2db9d97e913fc0ff606f0"
  dependencies:
    mime-db "~1.35.0"

mime@^1.4.1:
  version "1.6.0"
  resolved "http://registry.npm.taobao.org/mime/download/mime-1.6.0.tgz#32cd9e5c64553bd58d19a568af452acff04981b1"

minimist@0.0.8:
  version "0.0.8"
  resolved "http://registry.npm.taobao.org/minimist/download/minimist-0.0.8.tgz#857fcabfc3397d2625b8228262e86aa7a011b05d"

mkdirp@^0.5.0:
  version "0.5.1"
  resolved "http://registry.npm.taobao.org/mkdirp/download/mkdirp-0.5.1.tgz#30057438eac6cf7f8c4767f38648d6697d75c903"
  dependencies:
    minimist "0.0.8"

ms@2.0.0:
  version "2.0.0"
  resolved "http://registry.npm.taobao.org/ms/download/ms-2.0.0.tgz#5608aeadfc00be6c2901df5f9861788de0d597c8"

oauth-sign@~0.9.0:
  version "0.9.0"
  resolved "http://registry.npm.taobao.org/oauth-sign/download/oauth-sign-0.9.0.tgz#47a7b016baa68b5fa0ecf3dee08a85c679ac6455"

object-assign@^4.1.0:
  version "4.1.1"
  resolved "http://registry.npm.taobao.org/object-assign/download/object-assign-4.1.1.tgz#2109adc7965887cfc05cbbd442cac8bfbb360863"

performance-now@^2.1.0:
  version "2.1.0"
  resolved "http://registry.npm.taobao.org/performance-now/download/performance-now-2.1.0.tgz#6309f4e0e5fa913ec1c69307ae364b4b377c9e7b"

pify@^3.0.0:
  version "3.0.0"
  resolved "http://registry.npm.taobao.org/pify/download/pify-3.0.0.tgz#e5a4acd2c101fdf3d9a4d07f0dbc4db49dd28176"

promise@^7.1.1:
  version "7.3.1"
  resolved "http://registry.npm.taobao.org/promise/download/promise-7.3.1.tgz#064b72602b18f90f29192b8b1bc418ffd1ebd3bf"
  dependencies:
    asap "~2.0.3"

prr@~1.0.1:
  version "1.0.1"
  resolved "http://registry.npm.taobao.org/prr/download/prr-1.0.1.tgz#d3fc114ba06995a45ec6893f484ceb1d78f5f476"

psl@^1.1.24:
  version "1.1.29"
  resolved "http://registry.npm.taobao.org/psl/download/psl-1.1.29.tgz#60f580d360170bb722a797cc704411e6da850c67"

punycode@^1.4.1:
  version "1.4.1"
  resolved "http://registry.npm.taobao.org/punycode/download/punycode-1.4.1.tgz#c0d5a63b2718800ad8e1eb0fa5269c84dd41845e"

qr.js@0.0.0:
  version "0.0.0"
  resolved "http://registry.npm.taobao.org/qr.js/download/qr.js-0.0.0.tgz#cace86386f59a0db8050fa90d9b6b0e88a1e364f"

qs@~6.5.2:
  version "6.5.2"
  resolved "http://registry.npm.taobao.org/qs/download/qs-6.5.2.tgz#cb3ae806e8740444584ef154ce8ee98d403f3e36"

request@^2.83.0:
  version "2.88.0"
  resolved "http://registry.npm.taobao.org/request/download/request-2.88.0.tgz#9c2fca4f7d35b592efe57c7f0a55e81052124fef"
  dependencies:
    aws-sign2 "~0.7.0"
    aws4 "^1.8.0"
    caseless "~0.12.0"
    combined-stream "~1.0.6"
    extend "~3.0.2"
    forever-agent "~0.6.1"
    form-data "~2.3.2"
    har-validator "~5.1.0"
    http-signature "~1.2.0"
    is-typedarray "~1.0.0"
    isstream "~0.1.2"
    json-stringify-safe "~5.0.1"
    mime-types "~2.1.19"
    oauth-sign "~0.9.0"
    performance-now "^2.1.0"
    qs "~6.5.2"
    safe-buffer "^5.1.2"
    tough-cookie "~2.4.3"
    tunnel-agent "^0.6.0"
    uuid "^3.3.2"

safe-buffer@^5.0.1, safe-buffer@^5.1.2:
  version "5.1.2"
  resolved "http://registry.npm.taobao.org/safe-buffer/download/safe-buffer-5.1.2.tgz#991ec69d296e0313747d59bdfd2b745c35f8828d"

safer-buffer@^2.0.2, safer-buffer@^2.1.0, safer-buffer@~2.1.0:
  version "2.1.2"
  resolved "http://registry.npm.taobao.org/safer-buffer/download/safer-buffer-2.1.2.tgz#44fa161b0187b9549dd84bb91802f9bd8385cd6a"

shake.js@^1.2.2:
  version "1.2.2"
  resolved "http://registry.npm.taobao.org/shake.js/download/shake.js-1.2.2.tgz#b2ac560a82abe68d78a029623a7088e1b30bacff"

source-map@~0.6.0:
  version "0.6.1"
  resolved "http://registry.npm.taobao.org/source-map/download/source-map-0.6.1.tgz#74722af32e9614e9c287a8d0bbde48b5e2f1a263"

sshpk@^1.7.0:
  version "1.14.2"
  resolved "http://registry.npm.taobao.org/sshpk/download/sshpk-1.14.2.tgz#c6fc61648a3d9c4e764fd3fcdf4ea105e492ba98"
  dependencies:
    asn1 "~0.2.3"
    assert-plus "^1.0.0"
    dashdash "^1.12.0"
    getpass "^0.1.1"
    safer-buffer "^2.0.2"
  optionalDependencies:
    bcrypt-pbkdf "^1.0.0"
    ecc-jsbn "~0.1.1"
    jsbn "~0.1.0"
    tweetnacl "~0.14.0"

tough-cookie@~2.4.3:
  version "2.4.3"
  resolved "http://registry.npm.taobao.org/tough-cookie/download/tough-cookie-2.4.3.tgz#53f36da3f47783b0925afa06ff9f3b165280f781"
  dependencies:
    psl "^1.1.24"
    punycode "^1.4.1"

tunnel-agent@^0.6.0:
  version "0.6.0"
  resolved "http://registry.npm.taobao.org/tunnel-agent/download/tunnel-agent-0.6.0.tgz#27a5dea06b36b04a0a9966774b290868f0fc40fd"
  dependencies:
    safe-buffer "^5.0.1"

tweetnacl@^0.14.3, tweetnacl@~0.14.0:
  version "0.14.5"
  resolved "http://registry.npm.taobao.org/tweetnacl/download/tweetnacl-0.14.5.tgz#5ae68177f192d4456269d108afa93ff8743f4f64"

uuid@^3.3.2:
  version "3.3.2"
  resolved "http://registry.npm.taobao.org/uuid/download/uuid-3.3.2.tgz#1b4af4955eb3077c501c23872fc6513811587131"

validator@^9.3.0:
  version "9.4.1"
  resolved "http://registry.npm.taobao.org/validator/download/validator-9.4.1.tgz#abf466d398b561cd243050112c6ff1de6cc12663"

vanilla-masker@^1.2.0:
  version "1.2.0"
  resolved "http://registry.npm.taobao.org/vanilla-masker/download/vanilla-masker-1.2.0.tgz#c2830e9d994a5fecd2261506477c2707fe589756"

verror@1.10.0:
  version "1.10.0"
  resolved "http://registry.npm.taobao.org/verror/download/verror-1.10.0.tgz#3a105ca17053af55d6e270c1f8288682e18da400"
  dependencies:
    assert-plus "^1.0.0"
    core-util-is "1.0.2"
    extsprintf "^1.2.0"

vux-blazy@^1.6.4:
  version "1.6.4"
  resolved "http://registry.npm.taobao.org/vux-blazy/download/vux-blazy-1.6.4.tgz#e33073d902e0a3844ef1a463cce3ca2e0aab47bf"

vux-xscroll@^3.1.10:
  version "3.1.12"
  resolved "http://registry.npm.taobao.org/vux-xscroll/download/vux-xscroll-3.1.12.tgz#e352e7f9dc5f9fee9253db331c967dd56b3bc950"

vux@^2.9.2:
  version "2.9.2"
  resolved "http://registry.npm.taobao.org/vux/download/vux-2.9.2.tgz#9c6664106b57d33a6566c68f756f9a88b1bc1a47"
  dependencies:
    "@antv/f2" "^3.1.4-beta.2"
    array-filter "^1.0.0"
    array-find "^1.0.0"
    array-map "^0.0.0"
    array-shuffle "^1.0.1"
    autosize "^3.0.20"
    axios "^0.15.3"
    big.js "^3.1.3"
    blueimp-md5 "^2.6.0"
    countup.js "^1.8.1"
    fastclick "^1.0.6"
    lodash.debounce "^4.0.8"
    lodash.throttle "^4.1.1"
    object-assign "^4.1.0"
    qr.js "0.0.0"
    shake.js "^1.2.2"
    validator "^9.3.0"
    vanilla-masker "^1.2.0"
    vux-blazy "^1.6.4"
    vux-xscroll "^3.1.10"
    x-photoswipe "^4.1.3-rc.1"

x-photoswipe@^4.1.3-rc.1:
  version "4.1.3-rc.1"
  resolved "http://registry.npm.taobao.org/x-photoswipe/download/x-photoswipe-4.1.3-rc.1.tgz#e761901752dd3dd1f718e538514b609b5df5f7db"
